
Microsoft Visual Studio Solution File, Format Version 12.00
# Visual Studio Version 17
VisualStudioVersion = 17.5.002.0
MinimumVisualStudioVersion = 10.0.40219.1
Project("{9A19103F-16F7-4668-BE54-9A1E7A4F7556}") = "PolarisContacts.ConsumerService.CrossCutting.Helpers", "PolarisContacts.ConsumerService.CrossCutting.Helpers.csproj", "{19AB3427-8128-4DD7-923E-8B858DB5E0D3}"
EndProject
Global
	GlobalSection(SolutionConfigurationPlatforms) = preSolution
		Debug|Any CPU = Debug|Any CPU
		Release|Any CPU = Release|Any CPU
	EndGlobalSection
	GlobalSection(ProjectConfigurationPlatforms) = postSolution
		{19AB3427-8128-4DD7-923E-8B858DB5E0D3}.Debug|Any CPU.ActiveCfg = Debug|Any CPU
		{19AB3427-8128-4DD7-923E-8B858DB5E0D3}.Debug|Any CPU.Build.0 = Debug|Any CPU
		{19AB3427-8128-4DD7-923E-8B858DB5E0D3}.Release|Any CPU.ActiveCfg = Release|Any CPU
		{19AB3427-8128-4DD7-923E-8B858DB5E0D3}.Release|Any CPU.Build.0 = Release|Any CPU
	EndGlobalSection
	GlobalSection(SolutionProperties) = preSolution
		HideSolutionNode = FALSE
	EndGlobalSection
	GlobalSection(ExtensibilityGlobals) = postSolution
		SolutionGuid = {F4E0E5DE-954D-45CA-8764-FA6BC7F5061D}
	EndGlobalSection
EndGlobal
